
Microsoft Visual Studio Solution File, Format Version 12.00
Project("{FAE04EC0-301F-11D3-BF4B-00C04F79EFBC}") = "SmileOnline", "SmileOnline.csproj", "{989C0ADD-1154-4A4B-8749-DB2D27116072}"
EndProject
Global
	GlobalSection(SolutionConfigurationPlatforms) = preSolution
		Debug|Any CPU = Debug|Any CPU
		Release|Any CPU = Release|Any CPU
	EndGlobalSection
	GlobalSection(ProjectConfigurationPlatforms) = postSolution
		{989C0ADD-1154-4A4B-8749-DB2D27116072}.Debug|Any CPU.ActiveCfg = Debug|Any CPU
		{989C0ADD-1154-4A4B-8749-DB2D27116072}.Debug|Any CPU.Build.0 = Debug|Any CPU
		{989C0ADD-1154-4A4B-8749-DB2D27116072}.Release|Any CPU.ActiveCfg = Release|Any CPU
		{989C0ADD-1154-4A4B-8749-DB2D27116072}.Release|Any CPU.Build.0 = Release|Any CPU
	EndGlobalSection
EndGlobal
